
Microsoft Visual Studio Solution File, Format Version 12.00
# Visual Studio Version 17
VisualStudioVersion = 17.8.34330.188
MinimumVisualStudioVersion = 10.0.40219.1
Project("{FAE04EC0-301F-11D3-BF4B-00C04F79EFBC}") = "BulkOptimize", "BulkOptimize\BulkOptimize.csproj", "{AB6BE51E-CCAC-4C51-A3E8-35CE115492B1}"
EndProject
Global
	GlobalSection(SolutionConfigurationPlatforms) = preSolution
		Debug|Any CPU = Debug|Any CPU
		Release|Any CPU = Release|Any CPU
	EndGlobalSection
	GlobalSection(ProjectConfigurationPlatforms) = postSolution
		{AB6BE51E-CCAC-4C51-A3E8-35CE115492B1}.Debug|Any CPU.ActiveCfg = Debug|Any CPU
		{AB6BE51E-CCAC-4C51-A3E8-35CE115492B1}.Debug|Any CPU.Build.0 = Debug|Any CPU
		{AB6BE51E-CCAC-4C51-A3E8-35CE115492B1}.Release|Any CPU.ActiveCfg = Release|Any CPU
		{AB6BE51E-CCAC-4C51-A3E8-35CE115492B1}.Release|Any CPU.Build.0 = Release|Any CPU
	EndGlobalSection
	GlobalSection(SolutionProperties) = preSolution
		HideSolutionNode = FALSE
	EndGlobalSection
	GlobalSection(ExtensibilityGlobals) = postSolution
		SolutionGuid = {6FB294B4-827A-4270-9BC7-C29129037072}
	EndGlobalSection
EndGlobal
